
Microsoft Visual Studio Solution File, Format Version 12.00
# Visual Studio 15
VisualStudioVersion = 15.0.26124.0
MinimumVisualStudioVersion = 15.0.26124.0
Project("{FAE04EC0-301F-11D3-BF4B-00C04F79EFBC}") = "SimpleSonic", "SimpleSonic\SimpleSonic.csproj", "{90DCDA04-A757-42B6-9640-DF61217FF7FE}"
EndProject
Project("{FAE04EC0-301F-11D3-BF4B-00C04F79EFBC}") = "SimpleSonicTest", "SimpleSonicXTest\SimpleSonicTest.csproj", "{5E12825E-C545-4CDC-8250-2DFF37094298}"
EndProject
Global
	GlobalSection(SolutionConfigurationPlatforms) = preSolution
		Debug|Any CPU = Debug|Any CPU
		Debug|x64 = Debug|x64
		Debug|x86 = Debug|x86
		Release|Any CPU = Release|Any CPU
		Release|x64 = Release|x64
		Release|x86 = Release|x86
	EndGlobalSection
	GlobalSection(SolutionProperties) = preSolution
		HideSolutionNode = FALSE
	EndGlobalSection
	GlobalSection(ProjectConfigurationPlatforms) = postSolution
		{90DCDA04-A757-42B6-9640-DF61217FF7FE}.Debug|Any CPU.ActiveCfg = Debug|Any CPU
		{90DCDA04-A757-42B6-9640-DF61217FF7FE}.Debug|Any CPU.Build.0 = Debug|Any CPU
		{90DCDA04-A757-42B6-9640-DF61217FF7FE}.Debug|x64.ActiveCfg = Debug|Any CPU
		{90DCDA04-A757-42B6-9640-DF61217FF7FE}.Debug|x64.Build.0 = Debug|Any CPU
		{90DCDA04-A757-42B6-9640-DF61217FF7FE}.Debug|x86.ActiveCfg = Debug|Any CPU
		{90DCDA04-A757-42B6-9640-DF61217FF7FE}.Debug|x86.Build.0 = Debug|Any CPU
		{90DCDA04-A757-42B6-9640-DF61217FF7FE}.Release|Any CPU.ActiveCfg = Release|Any CPU
		{90DCDA04-A757-42B6-9640-DF61217FF7FE}.Release|Any CPU.Build.0 = Release|Any CPU
		{90DCDA04-A757-42B6-9640-DF61217FF7FE}.Release|x64.ActiveCfg = Release|Any CPU
		{90DCDA04-A757-42B6-9640-DF61217FF7FE}.Release|x64.Build.0 = Release|Any CPU
		{90DCDA04-A757-42B6-9640-DF61217FF7FE}.Release|x86.ActiveCfg = Release|Any CPU
		{90DCDA04-A757-42B6-9640-DF61217FF7FE}.Release|x86.Build.0 = Release|Any CPU
		{5E12825E-C545-4CDC-8250-2DFF37094298}.Debug|Any CPU.ActiveCfg = Debug|Any CPU
		{5E12825E-C545-4CDC-8250-2DFF37094298}.Debug|Any CPU.Build.0 = Debug|Any CPU
		{5E12825E-C545-4CDC-8250-2DFF37094298}.Debug|x64.ActiveCfg = Debug|Any CPU
		{5E12825E-C545-4CDC-8250-2DFF37094298}.Debug|x64.Build.0 = Debug|Any CPU
		{5E12825E-C545-4CDC-8250-2DFF37094298}.Debug|x86.ActiveCfg = Debug|Any CPU
		{5E12825E-C545-4CDC-8250-2DFF37094298}.Debug|x86.Build.0 = Debug|Any CPU
		{5E12825E-C545-4CDC-8250-2DFF37094298}.Release|Any CPU.ActiveCfg = Release|Any CPU
		{5E12825E-C545-4CDC-8250-2DFF37094298}.Release|Any CPU.Build.0 = Release|Any CPU
		{5E12825E-C545-4CDC-8250-2DFF37094298}.Release|x64.ActiveCfg = Release|Any CPU
		{5E12825E-C545-4CDC-8250-2DFF37094298}.Release|x64.Build.0 = Release|Any CPU
		{5E12825E-C545-4CDC-8250-2DFF37094298}.Release|x86.ActiveCfg = Release|Any CPU
		{5E12825E-C545-4CDC-8250-2DFF37094298}.Release|x86.Build.0 = Release|Any CPU
		{84F0E21F-4E08-4403-BCC1-B53F2DFC9994}.Debug|Any CPU.ActiveCfg = Debug|Any CPU
		{84F0E21F-4E08-4403-BCC1-B53F2DFC9994}.Debug|Any CPU.Build.0 = Debug|Any CPU
		{84F0E21F-4E08-4403-BCC1-B53F2DFC9994}.Debug|x64.ActiveCfg = Debug|Any CPU
		{84F0E21F-4E08-4403-BCC1-B53F2DFC9994}.Debug|x64.Build.0 = Debug|Any CPU
		{84F0E21F-4E08-4403-BCC1-B53F2DFC9994}.Debug|x86.ActiveCfg = Debug|Any CPU
		{84F0E21F-4E08-4403-BCC1-B53F2DFC9994}.Debug|x86.Build.0 = Debug|Any CPU
		{84F0E21F-4E08-4403-BCC1-B53F2DFC9994}.Release|Any CPU.ActiveCfg = Release|Any CPU
		{84F0E21F-4E08-4403-BCC1-B53F2DFC9994}.Release|Any CPU.Build.0 = Release|Any CPU
		{84F0E21F-4E08-4403-BCC1-B53F2DFC9994}.Release|x64.ActiveCfg = Release|Any CPU
		{84F0E21F-4E08-4403-BCC1-B53F2DFC9994}.Release|x64.Build.0 = Release|Any CPU
		{84F0E21F-4E08-4403-BCC1-B53F2DFC9994}.Release|x86.ActiveCfg = Release|Any CPU
		{84F0E21F-4E08-4403-BCC1-B53F2DFC9994}.Release|x86.Build.0 = Release|Any CPU
	EndGlobalSection
EndGlobal
